
Microsoft Visual Studio Solution File, Format Version 9.00
# Visual Studio 2005
Project("{FAE04EC0-301F-11D3-BF4B-00C04F79EFBC}") = "TOEFL", "TOEFL\TOEFL.csproj", "{2DC2A49B-6D1E-48EF-9EAB-DAF69C170EC0}"
EndProject
Project("{FAE04EC0-301F-11D3-BF4B-00C04F79EFBC}") = "DTO", "DTO\DTO.csproj", "{D1AD96D5-A4D8-4E76-8B46-4AE6284284B0}"
EndProject
Project("{FAE04EC0-301F-11D3-BF4B-00C04F79EFBC}") = "DAO", "DAO\DAO.csproj", "{A78C67A7-AA1E-4C79-9DDF-952A36705A44}"
EndProject
Project("{FAE04EC0-301F-11D3-BF4B-00C04F79EFBC}") = "BUS", "BUS\BUS.csproj", "{6997CF5C-C354-4981-B30C-ED5A9B0786E0}"
EndProject
Global
	GlobalSection(SolutionConfigurationPlatforms) = preSolution
		Debug|Any CPU = Debug|Any CPU
		Release|Any CPU = Release|Any CPU
	EndGlobalSection
	GlobalSection(ProjectConfigurationPlatforms) = postSolution
		{2DC2A49B-6D1E-48EF-9EAB-DAF69C170EC0}.Debug|Any CPU.ActiveCfg = Debug|Any CPU
		{2DC2A49B-6D1E-48EF-9EAB-DAF69C170EC0}.Debug|Any CPU.Build.0 = Debug|Any CPU
		{2DC2A49B-6D1E-48EF-9EAB-DAF69C170EC0}.Release|Any CPU.ActiveCfg = Release|Any CPU
		{2DC2A49B-6D1E-48EF-9EAB-DAF69C170EC0}.Release|Any CPU.Build.0 = Release|Any CPU
		{D1AD96D5-A4D8-4E76-8B46-4AE6284284B0}.Debug|Any CPU.ActiveCfg = Debug|Any CPU
		{D1AD96D5-A4D8-4E76-8B46-4AE6284284B0}.Debug|Any CPU.Build.0 = Debug|Any CPU
		{D1AD96D5-A4D8-4E76-8B46-4AE6284284B0}.Release|Any CPU.ActiveCfg = Release|Any CPU
		{D1AD96D5-A4D8-4E76-8B46-4AE6284284B0}.Release|Any CPU.Build.0 = Release|Any CPU
		{A78C67A7-AA1E-4C79-9DDF-952A36705A44}.Debug|Any CPU.ActiveCfg = Debug|Any CPU
		{A78C67A7-AA1E-4C79-9DDF-952A36705A44}.Debug|Any CPU.Build.0 = Debug|Any CPU
		{A78C67A7-AA1E-4C79-9DDF-952A36705A44}.Release|Any CPU.ActiveCfg = Release|Any CPU
		{A78C67A7-AA1E-4C79-9DDF-952A36705A44}.Release|Any CPU.Build.0 = Release|Any CPU
		{6997CF5C-C354-4981-B30C-ED5A9B0786E0}.Debug|Any CPU.ActiveCfg = Debug|Any CPU
		{6997CF5C-C354-4981-B30C-ED5A9B0786E0}.Debug|Any CPU.Build.0 = Debug|Any CPU
		{6997CF5C-C354-4981-B30C-ED5A9B0786E0}.Release|Any CPU.ActiveCfg = Release|Any CPU
		{6997CF5C-C354-4981-B30C-ED5A9B0786E0}.Release|Any CPU.Build.0 = Release|Any CPU
	EndGlobalSection
	GlobalSection(SolutionProperties) = preSolution
		HideSolutionNode = FALSE
	EndGlobalSection
EndGlobal
